
Microsoft Visual Studio Solution File, Format Version 12.00
# Visual Studio Version 17
VisualStudioVersion = 17.3.32901.215
MinimumVisualStudioVersion = 10.0.40219.1
Project("{FAE04EC0-301F-11D3-BF4B-00C04F79EFBC}") = "csharp-ecommerce-db", "csharp-ecommerce-db.csproj", "{0086D7EA-3FCF-4069-B9E1-4D143565EF60}"
EndProject
Global
	GlobalSection(SolutionConfigurationPlatforms) = preSolution
		Debug|Any CPU = Debug|Any CPU
		Release|Any CPU = Release|Any CPU
	EndGlobalSection
	GlobalSection(ProjectConfigurationPlatforms) = postSolution
		{0086D7EA-3FCF-4069-B9E1-4D143565EF60}.Debug|Any CPU.ActiveCfg = Debug|Any CPU
		{0086D7EA-3FCF-4069-B9E1-4D143565EF60}.Debug|Any CPU.Build.0 = Debug|Any CPU
		{0086D7EA-3FCF-4069-B9E1-4D143565EF60}.Release|Any CPU.ActiveCfg = Release|Any CPU
		{0086D7EA-3FCF-4069-B9E1-4D143565EF60}.Release|Any CPU.Build.0 = Release|Any CPU
	EndGlobalSection
	GlobalSection(SolutionProperties) = preSolution
		HideSolutionNode = FALSE
	EndGlobalSection
	GlobalSection(ExtensibilityGlobals) = postSolution
		SolutionGuid = {639154C4-D1A1-408B-BF2D-9E76716F6A9B}
	EndGlobalSection
EndGlobal
